
Microsoft Visual Studio Solution File, Format Version 12.00
# Visual Studio 15
VisualStudioVersion = 15.0.26430.15
MinimumVisualStudioVersion = 10.0.40219.1
Project("{FAE04EC0-301F-11D3-BF4B-00C04F79EFBC}") = "ERP-HIS", "ERP-HIS\ERP-HIS.csproj", "{A771D273-0310-48FE-84F6-9A7DE92447E8}"
EndProject
Project("{FAE04EC0-301F-11D3-BF4B-00C04F79EFBC}") = "ELHIS", "ELHIS\ELHIS.csproj", "{D9FDE4A8-FBEB-4729-A531-897BC682D96A}"
EndProject
Project("{FAE04EC0-301F-11D3-BF4B-00C04F79EFBC}") = "BLHIS", "BLHIS\BLHIS.csproj", "{08FEA58E-A3D9-46E3-9DC3-61B1C714015D}"
EndProject
Project("{FAE04EC0-301F-11D3-BF4B-00C04F79EFBC}") = "DLHIS", "DLHIS\DLHIS.csproj", "{9EDFDF15-A70F-46BA-A826-6AB2D0024E3E}"
EndProject
Project("{FAE04EC0-301F-11D3-BF4B-00C04F79EFBC}") = "Helper", "Helper\Helper.csproj", "{F8951DB9-3A46-41FD-836E-E95ECF199718}"
EndProject
Global
	GlobalSection(SolutionConfigurationPlatforms) = preSolution
		Debug|Any CPU = Debug|Any CPU
		Release|Any CPU = Release|Any CPU
	EndGlobalSection
	GlobalSection(ProjectConfigurationPlatforms) = postSolution
		{A771D273-0310-48FE-84F6-9A7DE92447E8}.Debug|Any CPU.ActiveCfg = Debug|Any CPU
		{A771D273-0310-48FE-84F6-9A7DE92447E8}.Debug|Any CPU.Build.0 = Debug|Any CPU
		{A771D273-0310-48FE-84F6-9A7DE92447E8}.Release|Any CPU.ActiveCfg = Release|Any CPU
		{A771D273-0310-48FE-84F6-9A7DE92447E8}.Release|Any CPU.Build.0 = Release|Any CPU
		{D9FDE4A8-FBEB-4729-A531-897BC682D96A}.Debug|Any CPU.ActiveCfg = Debug|Any CPU
		{D9FDE4A8-FBEB-4729-A531-897BC682D96A}.Debug|Any CPU.Build.0 = Debug|Any CPU
		{D9FDE4A8-FBEB-4729-A531-897BC682D96A}.Release|Any CPU.ActiveCfg = Release|Any CPU
		{D9FDE4A8-FBEB-4729-A531-897BC682D96A}.Release|Any CPU.Build.0 = Release|Any CPU
		{08FEA58E-A3D9-46E3-9DC3-61B1C714015D}.Debug|Any CPU.ActiveCfg = Debug|Any CPU
		{08FEA58E-A3D9-46E3-9DC3-61B1C714015D}.Debug|Any CPU.Build.0 = Debug|Any CPU
		{08FEA58E-A3D9-46E3-9DC3-61B1C714015D}.Release|Any CPU.ActiveCfg = Release|Any CPU
		{08FEA58E-A3D9-46E3-9DC3-61B1C714015D}.Release|Any CPU.Build.0 = Release|Any CPU
		{9EDFDF15-A70F-46BA-A826-6AB2D0024E3E}.Debug|Any CPU.ActiveCfg = Debug|Any CPU
		{9EDFDF15-A70F-46BA-A826-6AB2D0024E3E}.Debug|Any CPU.Build.0 = Debug|Any CPU
		{9EDFDF15-A70F-46BA-A826-6AB2D0024E3E}.Release|Any CPU.ActiveCfg = Release|Any CPU
		{9EDFDF15-A70F-46BA-A826-6AB2D0024E3E}.Release|Any CPU.Build.0 = Release|Any CPU
		{F8951DB9-3A46-41FD-836E-E95ECF199718}.Debug|Any CPU.ActiveCfg = Debug|Any CPU
		{F8951DB9-3A46-41FD-836E-E95ECF199718}.Debug|Any CPU.Build.0 = Debug|Any CPU
		{F8951DB9-3A46-41FD-836E-E95ECF199718}.Release|Any CPU.ActiveCfg = Release|Any CPU
		{F8951DB9-3A46-41FD-836E-E95ECF199718}.Release|Any CPU.Build.0 = Release|Any CPU
	EndGlobalSection
	GlobalSection(SolutionProperties) = preSolution
		HideSolutionNode = FALSE
	EndGlobalSection
EndGlobal
